
Microsoft Visual Studio Solution File, Format Version 12.00
# Visual Studio Version 16
VisualStudioVersion = 16.0.29201.188
MinimumVisualStudioVersion = 10.0.40219.1
Project("{FAE04EC0-301F-11D3-BF4B-00C04F79EFBC}") = "20210913", "20210913\20210913.csproj", "{48A608A8-C459-4AF9-818A-9D4E0649A82C}"
EndProject
Global
	GlobalSection(SolutionConfigurationPlatforms) = preSolution
		Debug|Any CPU = Debug|Any CPU
		Release|Any CPU = Release|Any CPU
	EndGlobalSection
	GlobalSection(ProjectConfigurationPlatforms) = postSolution
		{48A608A8-C459-4AF9-818A-9D4E0649A82C}.Debug|Any CPU.ActiveCfg = Debug|Any CPU
		{48A608A8-C459-4AF9-818A-9D4E0649A82C}.Debug|Any CPU.Build.0 = Debug|Any CPU
		{48A608A8-C459-4AF9-818A-9D4E0649A82C}.Release|Any CPU.ActiveCfg = Release|Any CPU
		{48A608A8-C459-4AF9-818A-9D4E0649A82C}.Release|Any CPU.Build.0 = Release|Any CPU
	EndGlobalSection
	GlobalSection(SolutionProperties) = preSolution
		HideSolutionNode = FALSE
	EndGlobalSection
	GlobalSection(ExtensibilityGlobals) = postSolution
		SolutionGuid = {4DE62819-5130-4167-896F-FB46C37C1166}
	EndGlobalSection
EndGlobal
